{
  "packages": [
    {
      "name": "ledger",
      "version": "0.2.0",
      "sha256": "c5a5cfed72c63920e9431de6879203a68a7f25197424a9123d0437ea990af8c7"
    },
    {
      "name": "grounding",
      "version": "1.0.0",
      "sha256": "0214f91c1094ef8d4aa0aca6d103653dbd05befdb5a312c88ab2dcb996c6ebe7"
    }
  ]
}
