{
  "packages": [
    {
      "name": "ledger",
      "version": "0.3.0",
      "sha256": "4d82b76fd6a8943d89c440f90e49253776b85b37f59fa45f1bb0ff5f1f749558"
    },
    {
      "name": "grounding",
      "version": "1.0.0",
      "sha256": "0214f91c1094ef8d4aa0aca6d103653dbd05befdb5a312c88ab2dcb996c6ebe7"
    }
  ]
}
